
Microsoft Visual Studio Solution File, Format Version 12.00
# Visual Studio Version 16
VisualStudioVersion = 16.0.29509.3
MinimumVisualStudioVersion = 10.0.40219.1
Project("{FAE04EC0-301F-11D3-BF4B-00C04F79EFBC}") = "Projekt_1_1", "Projekt_1_1\Projekt_1_1.csproj", "{5C1690AB-E6E1-4CF4-89E6-357B57F0D652}"
EndProject
Global
	GlobalSection(SolutionConfigurationPlatforms) = preSolution
		Debug|Any CPU = Debug|Any CPU
		Release|Any CPU = Release|Any CPU
	EndGlobalSection
	GlobalSection(ProjectConfigurationPlatforms) = postSolution
		{5C1690AB-E6E1-4CF4-89E6-357B57F0D652}.Debug|Any CPU.ActiveCfg = Debug|Any CPU
		{5C1690AB-E6E1-4CF4-89E6-357B57F0D652}.Debug|Any CPU.Build.0 = Debug|Any CPU
		{5C1690AB-E6E1-4CF4-89E6-357B57F0D652}.Release|Any CPU.ActiveCfg = Release|Any CPU
		{5C1690AB-E6E1-4CF4-89E6-357B57F0D652}.Release|Any CPU.Build.0 = Release|Any CPU
	EndGlobalSection
	GlobalSection(SolutionProperties) = preSolution
		HideSolutionNode = FALSE
	EndGlobalSection
	GlobalSection(ExtensibilityGlobals) = postSolution
		SolutionGuid = {41AFA5A5-F73A-40CD-95B5-3CD2DC126812}
	EndGlobalSection
EndGlobal
